
Microsoft Visual Studio Solution File, Format Version 12.00
# Visual Studio Version 17
VisualStudioVersion = 17.0.31903.59
MinimumVisualStudioVersion = 10.0.40219.1
Project("{FAE04EC0-301F-11D3-BF4B-00C04F79EFBC}") = "Sample.Api", "Sample.Api\Sample.Api.csproj", "{34E899D9-715F-4184-A3AF-51B127F48584}"
EndProject
Project("{FAE04EC0-301F-11D3-BF4B-00C04F79EFBC}") = "Sample.Lib", "Sample.Lib\Sample.Lib.csproj", "{36B4596D-CB58-4505-9A81-C5AEC97785D7}"
EndProject
Project("{FAE04EC0-301F-11D3-BF4B-00C04F79EFBC}") = "Sample.Console", "Sample.Console\Sample.Console.csproj", "{BB09D50C-CBBD-42D3-B457-74FF43DCDA3B}"
EndProject
Global
	GlobalSection(SolutionConfigurationPlatforms) = preSolution
		Debug|Any CPU = Debug|Any CPU
		Release|Any CPU = Release|Any CPU
	EndGlobalSection
	GlobalSection(SolutionProperties) = preSolution
		HideSolutionNode = FALSE
	EndGlobalSection
	GlobalSection(ProjectConfigurationPlatforms) = postSolution
		{34E899D9-715F-4184-A3AF-51B127F48584}.Debug|Any CPU.ActiveCfg = Debug|Any CPU
		{34E899D9-715F-4184-A3AF-51B127F48584}.Debug|Any CPU.Build.0 = Debug|Any CPU
		{34E899D9-715F-4184-A3AF-51B127F48584}.Release|Any CPU.ActiveCfg = Release|Any CPU
		{34E899D9-715F-4184-A3AF-51B127F48584}.Release|Any CPU.Build.0 = Release|Any CPU
		{36B4596D-CB58-4505-9A81-C5AEC97785D7}.Debug|Any CPU.ActiveCfg = Debug|Any CPU
		{36B4596D-CB58-4505-9A81-C5AEC97785D7}.Debug|Any CPU.Build.0 = Debug|Any CPU
		{36B4596D-CB58-4505-9A81-C5AEC97785D7}.Release|Any CPU.ActiveCfg = Release|Any CPU
		{36B4596D-CB58-4505-9A81-C5AEC97785D7}.Release|Any CPU.Build.0 = Release|Any CPU
		{BB09D50C-CBBD-42D3-B457-74FF43DCDA3B}.Debug|Any CPU.ActiveCfg = Debug|Any CPU
		{BB09D50C-CBBD-42D3-B457-74FF43DCDA3B}.Debug|Any CPU.Build.0 = Debug|Any CPU
		{BB09D50C-CBBD-42D3-B457-74FF43DCDA3B}.Release|Any CPU.ActiveCfg = Release|Any CPU
		{BB09D50C-CBBD-42D3-B457-74FF43DCDA3B}.Release|Any CPU.Build.0 = Release|Any CPU
	EndGlobalSection
EndGlobal
